<?xml version="1.0" encoding="utf-8"?>
<Project ToolsVersion="4.0" xmlns="http://schemas.microsoft.com/developer/msbuild/2003">
  <ItemGroup>
    <Filter Include="Source Files">
      <UniqueIdentifier>{4FC737F1-C7A5-4376-A066-2A32D752A2FF}</UniqueIdentifier>
      <Extensions>cpp;c;cc;cxx;def;odl;idl;hpj;bat;asm;asmx</Extensions>
    </Filter>
    <Filter Include="Header Files">
      <UniqueIdentifier>{93995380-89BD-4b04-88EB-625FBE52EBFB}</UniqueIdentifier>
      <Extensions>h;hh;hpp;hxx;hm;inl;inc;ipp;xsd</Extensions>
    </Filter>
    <Filter Include="Resource Files">
      <UniqueIdentifier>{67DA6AB6-F800-4c08-8B7A-83BB121AAD01}</UniqueIdentifier>
      <Extensions>rc;ico;cur;bmp;dlg;rc2;rct;bin;rgs;gif;jpg;jpeg;jpe;resx;tiff;tif;png;wav;mfcribbon-ms</Extensions>
    </Filter>
  </ItemGroup>
  <ItemGroup>
    <ClCompile Include="main.cpp">
      <Filter>Source Files</Filter>
    </ClCompile>
    <ClCompile Include="..\..\..\raylib-master\src\core.c">
      <Filter>Header Files</Filter>
    </ClCompile>
    <ClCompile Include="..\..\..\raylib-master\src\models.c">
      <Filter>Header Files</Filter>
    </ClCompile>
    <ClCompile Include="..\..\..\raylib-master\src\raudio.c">
      <Filter>Header Files</Filter>
    </ClCompile>
    <ClCompile Include="..\..\..\raylib-master\src\rglfw.c">
      <Filter>Header Files</Filter>
    </ClCompile>
    <ClCompile Include="..\..\..\raylib-master\src\shapes.c">
      <Filter>Header Files</Filter>
    </ClCompile>
    <ClCompile Include="..\..\..\raylib-master\src\text.c">
      <Filter>Header Files</Filter>
    </ClCompile>
    <ClCompile Include="..\..\..\raylib-master\src\textures.c">
      <Filter>Header Files</Filter>
    </ClCompile>
    <ClCompile Include="..\..\..\raylib-master\src\utils.c">
      <Filter>Header Files</Filter>
    </ClCompile>
  </ItemGroup>
  <ItemGroup>
    <ClInclude Include="..\..\..\raylib-master\src\camera.h">
      <Filter>Header Files</Filter>
    </ClInclude>
    <ClInclude Include="..\..\..\raylib-master\src\config.h">
      <Filter>Header Files</Filter>
    </ClInclude>
    <ClInclude Include="..\..\..\raylib-master\src\easings.h">
      <Filter>Header Files</Filter>
    </ClInclude>
    <ClInclude Include="..\..\..\raylib-master\src\gestures.h">
      <Filter>Header Files</Filter>
    </ClInclude>
    <ClInclude Include="..\..\..\raylib-master\src\physac.h">
      <Filter>Header Files</Filter>
    </ClInclude>
    <ClInclude Include="..\..\..\raylib-master\src\raudio.h">
      <Filter>Header Files</Filter>
    </ClInclude>
    <ClInclude Include="..\..\..\raylib-master\src\raylib.h">
      <Filter>Header Files</Filter>
    </ClInclude>
    <ClInclude Include="..\..\..\raylib-master\src\raymath.h">
      <Filter>Header Files</Filter>
    </ClInclude>
    <ClInclude Include="..\..\..\raylib-master\src\rlgl.h">
      <Filter>Header Files</Filter>
    </ClInclude>
    <ClInclude Include="..\..\..\raylib-master\src\utils.h">
      <Filter>Header Files</Filter>
    </ClInclude>
  </ItemGroup>
  <ItemGroup>
    <Text Include="..\..\..\raylib-master\src\CMakeLists.txt">
      <Filter>Header Files</Filter>
    </Text>
    <Text Include="..\..\..\raylib-master\src\CMakeOptions.txt">
      <Filter>Header Files</Filter>
    </Text>
  </ItemGroup>
  <ItemGroup>
    <None Include="..\..\..\raylib-master\src\config.h.in">
      <Filter>Header Files</Filter>
    </None>
    <None Include="..\..\..\raylib-master\src\Makefile">
      <Filter>Header Files</Filter>
    </None>
  </ItemGroup>
  <ItemGroup>
    <Image Include="..\..\..\raylib-master\src\raylib.ico">
      <Filter>Header Files</Filter>
    </Image>
  </ItemGroup>
  <ItemGroup>
    <ResourceCompile Include="..\..\..\raylib-master\src\raylib.rc">
      <Filter>Header Files</Filter>
    </ResourceCompile>
  </ItemGroup>
</Project>