<?xml version="1.0" encoding="utf-8"?>
<Project ToolsVersion="4.0" xmlns="http://schemas.microsoft.com/developer/msbuild/2003">
  <ItemGroup>
    <ClCompile Include="Behaviour.cpp">
      <Filter>Source Files</Filter>
    </ClCompile>
    <ClCompile Include="Clickable.cpp">
      <Filter>Source Files</Filter>
    </ClCompile>
    <ClCompile Include="GameEntity.cpp">
      <Filter>Source Files</Filter>
    </ClCompile>
    <ClCompile Include="InputHandler.cpp">
      <Filter>Source Files</Filter>
    </ClCompile>
    <ClCompile Include="main.cpp">
      <Filter>Source Files</Filter>
    </ClCompile>
    <ClCompile Include="Mob.cpp">
      <Filter>Source Files</Filter>
    </ClCompile>
    <ClCompile Include="pch.cpp">
      <Filter>Source Files</Filter>
    </ClCompile>
    <ClCompile Include="Player.cpp">
      <Filter>Source Files</Filter>
    </ClCompile>
    <ClCompile Include="ResourceLoader.cpp">
      <Filter>Source Files</Filter>
    </ClCompile>
    <ClCompile Include="Tower.cpp">
      <Filter>Source Files</Filter>
    </ClCompile>
    <ClCompile Include="TowerButton.cpp">
      <Filter>Source Files</Filter>
    </ClCompile>
    <ClCompile Include="TowerButtonHandler.cpp">
      <Filter>Source Files</Filter>
    </ClCompile>
    <ClCompile Include="Towerspot.cpp">
      <Filter>Source Files</Filter>
    </ClCompile>
    <ClCompile Include="GameStateMachine.cpp">
      <Filter>Source Files</Filter>
    </ClCompile>
    <ClCompile Include="Button.cpp">
      <Filter>Source Files</Filter>
    </ClCompile>
    <ClCompile Include="UIText.cpp">
      <Filter>Source Files</Filter>
    </ClCompile>
    <ClCompile Include="Archer.cpp">
      <Filter>Source Files</Filter>
    </ClCompile>
    <ClCompile Include="Magic.cpp">
      <Filter>Source Files</Filter>
    </ClCompile>
    <ClCompile Include="Bombard.cpp">
      <Filter>Source Files</Filter>
    </ClCompile>
  </ItemGroup>
  <ItemGroup>
    <ClInclude Include="Behaviour.h">
      <Filter>Header Files</Filter>
    </ClInclude>
    <ClInclude Include="Clickable.h">
      <Filter>Header Files</Filter>
    </ClInclude>
    <ClInclude Include="GameEntity.h">
      <Filter>Header Files</Filter>
    </ClInclude>
    <ClInclude Include="InputHandler.h">
      <Filter>Header Files</Filter>
    </ClInclude>
    <ClInclude Include="Mob.h">
      <Filter>Header Files</Filter>
    </ClInclude>
    <ClInclude Include="pch.h">
      <Filter>Header Files</Filter>
    </ClInclude>
    <ClInclude Include="Player.h">
      <Filter>Header Files</Filter>
    </ClInclude>
    <ClInclude Include="ResourceLoader.h">
      <Filter>Header Files</Filter>
    </ClInclude>
    <ClInclude Include="Tower.h">
      <Filter>Header Files</Filter>
    </ClInclude>
    <ClInclude Include="TowerButton.h">
      <Filter>Header Files</Filter>
    </ClInclude>
    <ClInclude Include="TowerButtonHandler.h">
      <Filter>Header Files</Filter>
    </ClInclude>
    <ClInclude Include="Towerspot.h">
      <Filter>Header Files</Filter>
    </ClInclude>
    <ClInclude Include="GameStateMachine.h">
      <Filter>Header Files</Filter>
    </ClInclude>
    <ClInclude Include="Button.h">
      <Filter>Header Files</Filter>
    </ClInclude>
    <ClInclude Include="UIText.h">
      <Filter>Header Files</Filter>
    </ClInclude>
    <ClInclude Include="Archer.h">
      <Filter>Header Files</Filter>
    </ClInclude>
    <ClInclude Include="Magic.h">
      <Filter>Header Files</Filter>
    </ClInclude>
    <ClInclude Include="Bombard.h">
      <Filter>Header Files</Filter>
    </ClInclude>
    <ClInclude Include="resource.h" />
  </ItemGroup>
  <ItemGroup>
    <Image Include="Resources\cloud.png">
      <Filter>Resources</Filter>
    </Image>
    <Image Include="Resources\sky.png">
      <Filter>Resources</Filter>
    </Image>
    <Image Include="Resources\sword.png">
      <Filter>Resources</Filter>
    </Image>
    <Image Include="Resources\tower-button.png">
      <Filter>Resources</Filter>
    </Image>
    <Image Include="Resources\towerspot.png">
      <Filter>Resources</Filter>
    </Image>
    <Image Include="Resources\tutorial-background.png">
      <Filter>Resources</Filter>
    </Image>
    <Image Include="icon.ico" />
  </ItemGroup>
  <ItemGroup>
    <Filter Include="Resources">
      <UniqueIdentifier>{341672b7-10e3-4f6a-82a0-3e69f0e422ac}</UniqueIdentifier>
    </Filter>
    <Filter Include="Header Files">
      <UniqueIdentifier>{680a3342-63e3-42aa-b214-a075000502c7}</UniqueIdentifier>
    </Filter>
    <Filter Include="Source Files">
      <UniqueIdentifier>{e9480559-104c-4267-9b25-db69b27c65ee}</UniqueIdentifier>
    </Filter>
  </ItemGroup>
  <ItemGroup>
    <ResourceCompile Include="TowerDefense2.rc" />
  </ItemGroup>
</Project>